
Microsoft Visual Studio Solution File, Format Version 10.00
# Visual C# Express 2008
Project("{FAE04EC0-301F-11D3-BF4B-00C04F79EFBC}") = "Dark_Avenger_Ver_0.02", "Dark_Avenger_Ver_0.02\Dark_Avenger_Ver_0.02.csproj", "{CA918DC8-EC13-40AF-8D1D-49BF82F652B2}"
EndProject
Global
	GlobalSection(SolutionConfigurationPlatforms) = preSolution
		Debug|x86 = Debug|x86
		Release|x86 = Release|x86
	EndGlobalSection
	GlobalSection(ProjectConfigurationPlatforms) = postSolution
		{CA918DC8-EC13-40AF-8D1D-49BF82F652B2}.Debug|x86.ActiveCfg = Release|x86
		{CA918DC8-EC13-40AF-8D1D-49BF82F652B2}.Debug|x86.Build.0 = Release|x86
		{CA918DC8-EC13-40AF-8D1D-49BF82F652B2}.Release|x86.ActiveCfg = Release|x86
		{CA918DC8-EC13-40AF-8D1D-49BF82F652B2}.Release|x86.Build.0 = Release|x86
		{75666675-61A7-4FDD-AF16-5F4D14748597}.Debug|x86.ActiveCfg = Debug|x86
		{75666675-61A7-4FDD-AF16-5F4D14748597}.Release|x86.ActiveCfg = Release|x86
	EndGlobalSection
	GlobalSection(SolutionProperties) = preSolution
		HideSolutionNode = FALSE
	EndGlobalSection
EndGlobal
